
Microsoft Visual Studio Solution File, Format Version 12.00
# Visual Studio Version 17
VisualStudioVersion = 17.4.33205.214
MinimumVisualStudioVersion = 10.0.40219.1
Project("{FAE04EC0-301F-11D3-BF4B-00C04F79EFBC}") = "WebService.API", "WebService.API.csproj", "{7089EB8F-0000-4AA9-8E75-C57EB2C25B4E}"
EndProject
Global
	GlobalSection(SolutionConfigurationPlatforms) = preSolution
		Debug|Any CPU = Debug|Any CPU
		Release|Any CPU = Release|Any CPU
	EndGlobalSection
	GlobalSection(ProjectConfigurationPlatforms) = postSolution
		{7089EB8F-0000-4AA9-8E75-C57EB2C25B4E}.Debug|Any CPU.ActiveCfg = Debug|Any CPU
		{7089EB8F-0000-4AA9-8E75-C57EB2C25B4E}.Debug|Any CPU.Build.0 = Debug|Any CPU
		{7089EB8F-0000-4AA9-8E75-C57EB2C25B4E}.Release|Any CPU.ActiveCfg = Release|Any CPU
		{7089EB8F-0000-4AA9-8E75-C57EB2C25B4E}.Release|Any CPU.Build.0 = Release|Any CPU
	EndGlobalSection
	GlobalSection(SolutionProperties) = preSolution
		HideSolutionNode = FALSE
	EndGlobalSection
	GlobalSection(ExtensibilityGlobals) = postSolution
		SolutionGuid = {433FC879-6C8B-418F-ADDB-8D5D0FCD4890}
	EndGlobalSection
EndGlobal
